// !$*UTF8*$!
{
	archiveVersion = 1;
	classes = {
	};
	objectVersion = 56;
	objects = {

/* Begin PBXBuildFile section */
		C9178830296E3F5F009C2711 /* Lytics in Frameworks */ = {isa = PBXBuildFile; productRef = C917882F296E3F5F009C2711 /* Lytics */; };
		C9178832296E3F5F009C2711 /* LyticsUI in Frameworks */ = {isa = PBXBuildFile; productRef = C9178831296E3F5F009C2711 /* LyticsUI */; };
		C94BDF3828E923A9008FB4DE /* SwiftUIDemoApp.swift in Sources */ = {isa = PBXBuildFile; fileRef = C94BDF3728E923A9008FB4DE /* SwiftUIDemoApp.swift */; };
		C94BDF3C28E923AB008FB4DE /* Assets.xcassets in Resources */ = {isa = PBXBuildFile; fileRef = C94BDF3B28E923AB008FB4DE /* Assets.xcassets */; };
		C94BDF3F28E923AB008FB4DE /* Preview Assets.xcassets in Resources */ = {isa = PBXBuildFile; fileRef = C94BDF3E28E923AB008FB4DE /* Preview Assets.xcassets */; };
		C94BDF4928E923AB008FB4DE /* SwiftUIDemoTests.swift in Sources */ = {isa = PBXBuildFile; fileRef = C94BDF4828E923AB008FB4DE /* SwiftUIDemoTests.swift */; };
		C94BDF5328E923AB008FB4DE /* SwiftUIDemoUITests.swift in Sources */ = {isa = PBXBuildFile; fileRef = C94BDF5228E923AB008FB4DE /* SwiftUIDemoUITests.swift */; };
		C94BDF5528E923AB008FB4DE /* SwiftUIDemoUITestsLaunchTests.swift in Sources */ = {isa = PBXBuildFile; fileRef = C94BDF5428E923AB008FB4DE /* SwiftUIDemoUITestsLaunchTests.swift */; };
		C94BF00329096E86007E1C25 /* ImageLoader.swift in Sources */ = {isa = PBXBuildFile; fileRef = C94BF00229096E86007E1C25 /* ImageLoader.swift */; };
		C94BF00529096EA3007E1C25 /* Task+Utils.swift in Sources */ = {isa = PBXBuildFile; fileRef = C94BF00429096EA3007E1C25 /* Task+Utils.swift */; };
		C94BF00729096F00007E1C25 /* RemoteImage.swift in Sources */ = {isa = PBXBuildFile; fileRef = C94BF00629096F00007E1C25 /* RemoteImage.swift */; };
		C94BF00929097480007E1C25 /* Color+Assets.swift in Sources */ = {isa = PBXBuildFile; fileRef = C94BF00829097480007E1C25 /* Color+Assets.swift */; };
		C9739D81293FB3E800CFD435 /* DemoDetailScreenEvent.swift in Sources */ = {isa = PBXBuildFile; fileRef = C9739D80293FB3E800CFD435 /* DemoDetailScreenEvent.swift */; };
		C9A4146F29255EDA001D2C46 /* Configuration.swift in Sources */ = {isa = PBXBuildFile; fileRef = C9A4146E29255EDA001D2C46 /* Configuration.swift */; };
		C9C7602829819D32002E03D3 /* View+ErrorAlert.swift in Sources */ = {isa = PBXBuildFile; fileRef = C9C7602729819D32002E03D3 /* View+ErrorAlert.swift */; };
		C9DC54F228EDC4D800EAD25E /* DemoIdentity.swift in Sources */ = {isa = PBXBuildFile; fileRef = C9DC54EF28EDC4D800EAD25E /* DemoIdentity.swift */; };
		C9DC54F328EDC4D800EAD25E /* DemoConsent.swift in Sources */ = {isa = PBXBuildFile; fileRef = C9DC54F028EDC4D800EAD25E /* DemoConsent.swift */; };
		C9DC54F428EDC4D800EAD25E /* DemoCart.swift in Sources */ = {isa = PBXBuildFile; fileRef = C9DC54F128EDC4D800EAD25E /* DemoCart.swift */; };
		C9DE3E1A290717F30047F502 /* EventsView.swift in Sources */ = {isa = PBXBuildFile; fileRef = C9DE3E14290717F30047F502 /* EventsView.swift */; };
		C9DE3E1B290717F30047F502 /* LoginView.swift in Sources */ = {isa = PBXBuildFile; fileRef = C9DE3E15290717F30047F502 /* LoginView.swift */; };
		C9DE3E1C290717F30047F502 /* ProfileView.swift in Sources */ = {isa = PBXBuildFile; fileRef = C9DE3E16290717F30047F502 /* ProfileView.swift */; };
		C9DE3E1D290717F30047F502 /* RegisterView.swift in Sources */ = {isa = PBXBuildFile; fileRef = C9DE3E17290717F30047F502 /* RegisterView.swift */; };
		C9DE3E1E290717F30047F502 /* SettingsView.swift in Sources */ = {isa = PBXBuildFile; fileRef = C9DE3E18290717F30047F502 /* SettingsView.swift */; };
		C9DE3E1F290717F30047F502 /* TabContainerView.swift in Sources */ = {isa = PBXBuildFile; fileRef = C9DE3E19290717F30047F502 /* TabContainerView.swift */; };
		C9DE3E2529071C220047F502 /* EventDetailView.swift in Sources */ = {isa = PBXBuildFile; fileRef = C9DE3E2429071C220047F502 /* EventDetailView.swift */; };
		C9DE3E2829071D290047F502 /* EventsViewModel.swift in Sources */ = {isa = PBXBuildFile; fileRef = C9DE3E2729071D290047F502 /* EventsViewModel.swift */; };
		C9DE3E2A29071E2D0047F502 /* EventDetailViewModel.swift in Sources */ = {isa = PBXBuildFile; fileRef = C9DE3E2929071E2D0047F502 /* EventDetailViewModel.swift */; };
		C9DE3E2C29071E360047F502 /* LoginViewModel.swift in Sources */ = {isa = PBXBuildFile; fileRef = C9DE3E2B29071E360047F502 /* LoginViewModel.swift */; };
		C9DE3E2E29071E3E0047F502 /* RegisterViewModel.swift in Sources */ = {isa = PBXBuildFile; fileRef = C9DE3E2D29071E3E0047F502 /* RegisterViewModel.swift */; };
		C9DE3E3029071E4E0047F502 /* SettingsViewModel.swift in Sources */ = {isa = PBXBuildFile; fileRef = C9DE3E2F29071E4E0047F502 /* SettingsViewModel.swift */; };
		C9DE3E32290722A30047F502 /* ProfileViewModel.swift in Sources */ = {isa = PBXBuildFile; fileRef = C9DE3E31290722A30047F502 /* ProfileViewModel.swift */; };
		C9DE3E35290729150047F502 /* Event.swift in Sources */ = {isa = PBXBuildFile; fileRef = C9DE3E34290729150047F502 /* Event.swift */; };
		C9DE3E3A29072B800047F502 /* EventRow.swift in Sources */ = {isa = PBXBuildFile; fileRef = C9DE3E3929072B800047F502 /* EventRow.swift */; };
		C9DE3E3C29072F410047F502 /* EventCard.swift in Sources */ = {isa = PBXBuildFile; fileRef = C9DE3E3B29072F410047F502 /* EventCard.swift */; };
		C9DE3E3E290734AB0047F502 /* EventService.swift in Sources */ = {isa = PBXBuildFile; fileRef = C9DE3E3D290734AB0047F502 /* EventService.swift */; };
		C9DE3E41290735FA0047F502 /* Image+Assets.swift in Sources */ = {isa = PBXBuildFile; fileRef = C9DE3E40290735FA0047F502 /* Image+Assets.swift */; };
		C9DE3E4429082EE90047F502 /* PrimaryButtonStyle.swift in Sources */ = {isa = PBXBuildFile; fileRef = C9DE3E4329082EE90047F502 /* PrimaryButtonStyle.swift */; };
		C9DE3E4629082EF50047F502 /* SecondaryButtonStyle.swift in Sources */ = {isa = PBXBuildFile; fileRef = C9DE3E4529082EF50047F502 /* SecondaryButtonStyle.swift */; };
		C9DE3E48290844F70047F502 /* events.json in Resources */ = {isa = PBXBuildFile; fileRef = C9DE3E47290844F70047F502 /* events.json */; };
		C9DE3E4A290845AB0047F502 /* Bundle+Utils.swift in Sources */ = {isa = PBXBuildFile; fileRef = C9DE3E49290845AB0047F502 /* Bundle+Utils.swift */; };
		C9DE3E4C2908463A0047F502 /* Constants.swift in Sources */ = {isa = PBXBuildFile; fileRef = C9DE3E4B2908463A0047F502 /* Constants.swift */; };
		C9DE3E4E29085A330047F502 /* Collection+Utils.swift in Sources */ = {isa = PBXBuildFile; fileRef = C9DE3E4D29085A330047F502 /* Collection+Utils.swift */; };
		C9DE3E5029085BD80047F502 /* ChecklistToggleStyle.swift in Sources */ = {isa = PBXBuildFile; fileRef = C9DE3E4F29085BD80047F502 /* ChecklistToggleStyle.swift */; };
		C9DE3E52290861680047F502 /* LocalEventsHeader.swift in Sources */ = {isa = PBXBuildFile; fileRef = C9DE3E51290861680047F502 /* LocalEventsHeader.swift */; };
		C9DE3E552908CBA10047F502 /* DemoTapEvent.swift in Sources */ = {isa = PBXBuildFile; fileRef = C9DE3E542908CBA10047F502 /* DemoTapEvent.swift */; };
		C9F44BD32912B9E6006998BD /* DemoAttributes.swift in Sources */ = {isa = PBXBuildFile; fileRef = C9F44BD22912B9E6006998BD /* DemoAttributes.swift */; };
/* End PBXBuildFile section */

/* Begin PBXContainerItemProxy section */
		C94BDF4528E923AB008FB4DE /* PBXContainerItemProxy */ = {
			isa = PBXContainerItemProxy;
			containerPortal = C94BDF2C28E923A9008FB4DE /* Project object */;
			proxyType = 1;
			remoteGlobalIDString = C94BDF3328E923A9008FB4DE;
			remoteInfo = SwiftUIDemo;
		};
		C94BDF4F28E923AB008FB4DE /* PBXContainerItemProxy */ = {
			isa = PBXContainerItemProxy;
			containerPortal = C94BDF2C28E923A9008FB4DE /* Project object */;
			proxyType = 1;
			remoteGlobalIDString = C94BDF3328E923A9008FB4DE;
			remoteInfo = SwiftUIDemo;
		};
/* End PBXContainerItemProxy section */

/* Begin PBXFileReference section */
		C94BDF3428E923A9008FB4DE /* Lytics SDK Showcase.app */ = {isa = PBXFileReference; explicitFileType = wrapper.application; includeInIndex = 0; path = "Lytics SDK Showcase.app"; sourceTree = BUILT_PRODUCTS_DIR; };
		C94BDF3728E923A9008FB4DE /* SwiftUIDemoApp.swift */ = {isa = PBXFileReference; lastKnownFileType = sourcecode.swift; path = SwiftUIDemoApp.swift; sourceTree = "<group>"; };
		C94BDF3B28E923AB008FB4DE /* Assets.xcassets */ = {isa = PBXFileReference; lastKnownFileType = folder.assetcatalog; path = Assets.xcassets; sourceTree = "<group>"; };
		C94BDF3E28E923AB008FB4DE /* Preview Assets.xcassets */ = {isa = PBXFileReference; lastKnownFileType = folder.assetcatalog; path = "Preview Assets.xcassets"; sourceTree = "<group>"; };
		C94BDF4428E923AB008FB4DE /* SwiftUIDemoTests.xctest */ = {isa = PBXFileReference; explicitFileType = wrapper.cfbundle; includeInIndex = 0; path = SwiftUIDemoTests.xctest; sourceTree = BUILT_PRODUCTS_DIR; };
		C94BDF4828E923AB008FB4DE /* SwiftUIDemoTests.swift */ = {isa = PBXFileReference; lastKnownFileType = sourcecode.swift; path = SwiftUIDemoTests.swift; sourceTree = "<group>"; };
		C94BDF4E28E923AB008FB4DE /* SwiftUIDemoUITests.xctest */ = {isa = PBXFileReference; explicitFileType = wrapper.cfbundle; includeInIndex = 0; path = SwiftUIDemoUITests.xctest; sourceTree = BUILT_PRODUCTS_DIR; };
		C94BDF5228E923AB008FB4DE /* SwiftUIDemoUITests.swift */ = {isa = PBXFileReference; lastKnownFileType = sourcecode.swift; path = SwiftUIDemoUITests.swift; sourceTree = "<group>"; };
		C94BDF5428E923AB008FB4DE /* SwiftUIDemoUITestsLaunchTests.swift */ = {isa = PBXFileReference; lastKnownFileType = sourcecode.swift; path = SwiftUIDemoUITestsLaunchTests.swift; sourceTree = "<group>"; };
		C94BF00229096E86007E1C25 /* ImageLoader.swift */ = {isa = PBXFileReference; lastKnownFileType = sourcecode.swift; path = ImageLoader.swift; sourceTree = "<group>"; };
		C94BF00429096EA3007E1C25 /* Task+Utils.swift */ = {isa = PBXFileReference; lastKnownFileType = sourcecode.swift; path = "Task+Utils.swift"; sourceTree = "<group>"; };
		C94BF00629096F00007E1C25 /* RemoteImage.swift */ = {isa = PBXFileReference; lastKnownFileType = sourcecode.swift; path = RemoteImage.swift; sourceTree = "<group>"; };
		C94BF00829097480007E1C25 /* Color+Assets.swift */ = {isa = PBXFileReference; lastKnownFileType = sourcecode.swift; path = "Color+Assets.swift"; sourceTree = "<group>"; };
		C9739D80293FB3E800CFD435 /* DemoDetailScreenEvent.swift */ = {isa = PBXFileReference; lastKnownFileType = sourcecode.swift; path = DemoDetailScreenEvent.swift; sourceTree = "<group>"; };
		C9A4146C292558E0001D2C46 /* Info.plist */ = {isa = PBXFileReference; lastKnownFileType = text.plist; path = Info.plist; sourceTree = "<group>"; };
		C9A4146D29255A94001D2C46 /* Config.xcconfig */ = {isa = PBXFileReference; lastKnownFileType = text.xcconfig; path = Config.xcconfig; sourceTree = "<group>"; };
		C9A4146E29255EDA001D2C46 /* Configuration.swift */ = {isa = PBXFileReference; lastKnownFileType = sourcecode.swift; path = Configuration.swift; sourceTree = "<group>"; };
		C9C7602729819D32002E03D3 /* View+ErrorAlert.swift */ = {isa = PBXFileReference; lastKnownFileType = sourcecode.swift; path = "View+ErrorAlert.swift"; sourceTree = "<group>"; };
		C9DC54EF28EDC4D800EAD25E /* DemoIdentity.swift */ = {isa = PBXFileReference; fileEncoding = 4; lastKnownFileType = sourcecode.swift; path = DemoIdentity.swift; sourceTree = "<group>"; };
		C9DC54F028EDC4D800EAD25E /* DemoConsent.swift */ = {isa = PBXFileReference; fileEncoding = 4; lastKnownFileType = sourcecode.swift; path = DemoConsent.swift; sourceTree = "<group>"; };
		C9DC54F128EDC4D800EAD25E /* DemoCart.swift */ = {isa = PBXFileReference; fileEncoding = 4; lastKnownFileType = sourcecode.swift; path = DemoCart.swift; sourceTree = "<group>"; };
		C9DE3E14290717F30047F502 /* EventsView.swift */ = {isa = PBXFileReference; fileEncoding = 4; lastKnownFileType = sourcecode.swift; path = EventsView.swift; sourceTree = "<group>"; };
		C9DE3E15290717F30047F502 /* LoginView.swift */ = {isa = PBXFileReference; fileEncoding = 4; lastKnownFileType = sourcecode.swift; path = LoginView.swift; sourceTree = "<group>"; };
		C9DE3E16290717F30047F502 /* ProfileView.swift */ = {isa = PBXFileReference; fileEncoding = 4; lastKnownFileType = sourcecode.swift; path = ProfileView.swift; sourceTree = "<group>"; };
		C9DE3E17290717F30047F502 /* RegisterView.swift */ = {isa = PBXFileReference; fileEncoding = 4; lastKnownFileType = sourcecode.swift; path = RegisterView.swift; sourceTree = "<group>"; };
		C9DE3E18290717F30047F502 /* SettingsView.swift */ = {isa = PBXFileReference; fileEncoding = 4; lastKnownFileType = sourcecode.swift; path = SettingsView.swift; sourceTree = "<group>"; };
		C9DE3E19290717F30047F502 /* TabContainerView.swift */ = {isa = PBXFileReference; fileEncoding = 4; lastKnownFileType = sourcecode.swift; path = TabContainerView.swift; sourceTree = "<group>"; };
		C9DE3E2429071C220047F502 /* EventDetailView.swift */ = {isa = PBXFileReference; lastKnownFileType = sourcecode.swift; path = EventDetailView.swift; sourceTree = "<group>"; };
		C9DE3E2729071D290047F502 /* EventsViewModel.swift */ = {isa = PBXFileReference; lastKnownFileType = sourcecode.swift; path = EventsViewModel.swift; sourceTree = "<group>"; };
		C9DE3E2929071E2D0047F502 /* EventDetailViewModel.swift */ = {isa = PBXFileReference; lastKnownFileType = sourcecode.swift; path = EventDetailViewModel.swift; sourceTree = "<group>"; };
		C9DE3E2B29071E360047F502 /* LoginViewModel.swift */ = {isa = PBXFileReference; lastKnownFileType = sourcecode.swift; path = LoginViewModel.swift; sourceTree = "<group>"; };
		C9DE3E2D29071E3E0047F502 /* RegisterViewModel.swift */ = {isa = PBXFileReference; lastKnownFileType = sourcecode.swift; path = RegisterViewModel.swift; sourceTree = "<group>"; };
		C9DE3E2F29071E4E0047F502 /* SettingsViewModel.swift */ = {isa = PBXFileReference; lastKnownFileType = sourcecode.swift; path = SettingsViewModel.swift; sourceTree = "<group>"; };
		C9DE3E31290722A30047F502 /* ProfileViewModel.swift */ = {isa = PBXFileReference; lastKnownFileType = sourcecode.swift; path = ProfileViewModel.swift; sourceTree = "<group>"; };
		C9DE3E34290729150047F502 /* Event.swift */ = {isa = PBXFileReference; lastKnownFileType = sourcecode.swift; path = Event.swift; sourceTree = "<group>"; };
		C9DE3E3929072B800047F502 /* EventRow.swift */ = {isa = PBXFileReference; lastKnownFileType = sourcecode.swift; path = EventRow.swift; sourceTree = "<group>"; };
		C9DE3E3B29072F410047F502 /* EventCard.swift */ = {isa = PBXFileReference; lastKnownFileType = sourcecode.swift; path = EventCard.swift; sourceTree = "<group>"; };
		C9DE3E3D290734AB0047F502 /* EventService.swift */ = {isa = PBXFileReference; lastKnownFileType = sourcecode.swift; path = EventService.swift; sourceTree = "<group>"; };
		C9DE3E40290735FA0047F502 /* Image+Assets.swift */ = {isa = PBXFileReference; lastKnownFileType = sourcecode.swift; path = "Image+Assets.swift"; sourceTree = "<group>"; };
		C9DE3E4329082EE90047F502 /* PrimaryButtonStyle.swift */ = {isa = PBXFileReference; lastKnownFileType = sourcecode.swift; path = PrimaryButtonStyle.swift; sourceTree = "<group>"; };
		C9DE3E4529082EF50047F502 /* SecondaryButtonStyle.swift */ = {isa = PBXFileReference; lastKnownFileType = sourcecode.swift; path = SecondaryButtonStyle.swift; sourceTree = "<group>"; };
		C9DE3E47290844F70047F502 /* events.json */ = {isa = PBXFileReference; fileEncoding = 4; lastKnownFileType = text.json; path = events.json; sourceTree = "<group>"; };
		C9DE3E49290845AB0047F502 /* Bundle+Utils.swift */ = {isa = PBXFileReference; lastKnownFileType = sourcecode.swift; path = "Bundle+Utils.swift"; sourceTree = "<group>"; };
		C9DE3E4B2908463A0047F502 /* Constants.swift */ = {isa = PBXFileReference; lastKnownFileType = sourcecode.swift; path = Constants.swift; sourceTree = "<group>"; };
		C9DE3E4D29085A330047F502 /* Collection+Utils.swift */ = {isa = PBXFileReference; lastKnownFileType = sourcecode.swift; path = "Collection+Utils.swift"; sourceTree = "<group>"; };
		C9DE3E4F29085BD80047F502 /* ChecklistToggleStyle.swift */ = {isa = PBXFileReference; lastKnownFileType = sourcecode.swift; path = ChecklistToggleStyle.swift; sourceTree = "<group>"; };
		C9DE3E51290861680047F502 /* LocalEventsHeader.swift */ = {isa = PBXFileReference; lastKnownFileType = sourcecode.swift; path = LocalEventsHeader.swift; sourceTree = "<group>"; };
		C9DE3E542908CBA10047F502 /* DemoTapEvent.swift */ = {isa = PBXFileReference; lastKnownFileType = sourcecode.swift; path = DemoTapEvent.swift; sourceTree = "<group>"; };
		C9F44BD22912B9E6006998BD /* DemoAttributes.swift */ = {isa = PBXFileReference; lastKnownFileType = sourcecode.swift; path = DemoAttributes.swift; sourceTree = "<group>"; };
/* End PBXFileReference section */

/* Begin PBXFrameworksBuildPhase section */
		C94BDF3128E923A9008FB4DE /* Frameworks */ = {
			isa = PBXFrameworksBuildPhase;
			buildActionMask = 2147483647;
			files = (
				C9178832296E3F5F009C2711 /* LyticsUI in Frameworks */,
				C9178830296E3F5F009C2711 /* Lytics in Frameworks */,
			);
			runOnlyForDeploymentPostprocessing = 0;
		};
		C94BDF4128E923AB008FB4DE /* Frameworks */ = {
			isa = PBXFrameworksBuildPhase;
			buildActionMask = 2147483647;
			files = (
			);
			runOnlyForDeploymentPostprocessing = 0;
		};
		C94BDF4B28E923AB008FB4DE /* Frameworks */ = {
			isa = PBXFrameworksBuildPhase;
			buildActionMask = 2147483647;
			files = (
			);
			runOnlyForDeploymentPostprocessing = 0;
		};
/* End PBXFrameworksBuildPhase section */

/* Begin PBXGroup section */
		C94BDF2B28E923A9008FB4DE = {
			isa = PBXGroup;
			children = (
				C9A4146D29255A94001D2C46 /* Config.xcconfig */,
				C94BDF3628E923A9008FB4DE /* SwiftUIDemo */,
				C94BDF4728E923AB008FB4DE /* SwiftUIDemoTests */,
				C94BDF5128E923AB008FB4DE /* SwiftUIDemoUITests */,
				C94BDF3528E923A9008FB4DE /* Products */,
				C94BDF6328E9245D008FB4DE /* Frameworks */,
			);
			sourceTree = "<group>";
		};
		C94BDF3528E923A9008FB4DE /* Products */ = {
			isa = PBXGroup;
			children = (
				C94BDF3428E923A9008FB4DE /* Lytics SDK Showcase.app */,
				C94BDF4428E923AB008FB4DE /* SwiftUIDemoTests.xctest */,
				C94BDF4E28E923AB008FB4DE /* SwiftUIDemoUITests.xctest */,
			);
			name = Products;
			sourceTree = "<group>";
		};
		C94BDF3628E923A9008FB4DE /* SwiftUIDemo */ = {
			isa = PBXGroup;
			children = (
				C9A4146C292558E0001D2C46 /* Info.plist */,
				C94BDF3728E923A9008FB4DE /* SwiftUIDemoApp.swift */,
				C9A4146E29255EDA001D2C46 /* Configuration.swift */,
				C9DE3E4B2908463A0047F502 /* Constants.swift */,
				C9DE3E3D290734AB0047F502 /* EventService.swift */,
				C94BF00229096E86007E1C25 /* ImageLoader.swift */,
				C9DE3E3F290735EA0047F502 /* Extensions */,
				C9DC54EE28EDC4D800EAD25E /* Models */,
				C94BDF3D28E923AB008FB4DE /* Preview Content */,
				C94BDF6628E9255E008FB4DE /* Resources */,
				C9DE3E2629071D100047F502 /* ViewModels */,
				C9DE3E13290717BF0047F502 /* Views */,
			);
			path = SwiftUIDemo;
			sourceTree = "<group>";
		};
		C94BDF3D28E923AB008FB4DE /* Preview Content */ = {
			isa = PBXGroup;
			children = (
				C94BDF3E28E923AB008FB4DE /* Preview Assets.xcassets */,
			);
			path = "Preview Content";
			sourceTree = "<group>";
		};
		C94BDF4728E923AB008FB4DE /* SwiftUIDemoTests */ = {
			isa = PBXGroup;
			children = (
				C94BDF4828E923AB008FB4DE /* SwiftUIDemoTests.swift */,
			);
			path = SwiftUIDemoTests;
			sourceTree = "<group>";
		};
		C94BDF5128E923AB008FB4DE /* SwiftUIDemoUITests */ = {
			isa = PBXGroup;
			children = (
				C94BDF5228E923AB008FB4DE /* SwiftUIDemoUITests.swift */,
				C94BDF5428E923AB008FB4DE /* SwiftUIDemoUITestsLaunchTests.swift */,
			);
			path = SwiftUIDemoUITests;
			sourceTree = "<group>";
		};
		C94BDF6328E9245D008FB4DE /* Frameworks */ = {
			isa = PBXGroup;
			children = (
			);
			name = Frameworks;
			sourceTree = "<group>";
		};
		C94BDF6628E9255E008FB4DE /* Resources */ = {
			isa = PBXGroup;
			children = (
				C94BDF3B28E923AB008FB4DE /* Assets.xcassets */,
				C9DE3E47290844F70047F502 /* events.json */,
			);
			path = Resources;
			sourceTree = "<group>";
		};
		C9DC54EE28EDC4D800EAD25E /* Models */ = {
			isa = PBXGroup;
			children = (
				C9F44BD22912B9E6006998BD /* DemoAttributes.swift */,
				C9DC54F128EDC4D800EAD25E /* DemoCart.swift */,
				C9DC54F028EDC4D800EAD25E /* DemoConsent.swift */,
				C9DC54EF28EDC4D800EAD25E /* DemoIdentity.swift */,
				C9DE3E542908CBA10047F502 /* DemoTapEvent.swift */,
				C9739D80293FB3E800CFD435 /* DemoDetailScreenEvent.swift */,
				C9DE3E34290729150047F502 /* Event.swift */,
			);
			path = Models;
			sourceTree = "<group>";
		};
		C9DE3E13290717BF0047F502 /* Views */ = {
			isa = PBXGroup;
			children = (
				C9DE3E3629072B0D0047F502 /* Components */,
				C9DE3E4229082EC70047F502 /* View Styles */,
				C9DE3E2429071C220047F502 /* EventDetailView.swift */,
				C9DE3E14290717F30047F502 /* EventsView.swift */,
				C9DE3E15290717F30047F502 /* LoginView.swift */,
				C9DE3E16290717F30047F502 /* ProfileView.swift */,
				C9DE3E17290717F30047F502 /* RegisterView.swift */,
				C9DE3E18290717F30047F502 /* SettingsView.swift */,
				C9DE3E19290717F30047F502 /* TabContainerView.swift */,
			);
			path = Views;
			sourceTree = "<group>";
		};
		C9DE3E2629071D100047F502 /* ViewModels */ = {
			isa = PBXGroup;
			children = (
				C9DE3E2929071E2D0047F502 /* EventDetailViewModel.swift */,
				C9DE3E2729071D290047F502 /* EventsViewModel.swift */,
				C9DE3E2B29071E360047F502 /* LoginViewModel.swift */,
				C9DE3E31290722A30047F502 /* ProfileViewModel.swift */,
				C9DE3E2D29071E3E0047F502 /* RegisterViewModel.swift */,
				C9DE3E2F29071E4E0047F502 /* SettingsViewModel.swift */,
			);
			path = ViewModels;
			sourceTree = "<group>";
		};
		C9DE3E3629072B0D0047F502 /* Components */ = {
			isa = PBXGroup;
			children = (
				C9DE3E3B29072F410047F502 /* EventCard.swift */,
				C9DE3E3929072B800047F502 /* EventRow.swift */,
				C9DE3E51290861680047F502 /* LocalEventsHeader.swift */,
				C94BF00629096F00007E1C25 /* RemoteImage.swift */,
			);
			path = Components;
			sourceTree = "<group>";
		};
		C9DE3E3F290735EA0047F502 /* Extensions */ = {
			isa = PBXGroup;
			children = (
				C9DE3E49290845AB0047F502 /* Bundle+Utils.swift */,
				C9DE3E4D29085A330047F502 /* Collection+Utils.swift */,
				C94BF00829097480007E1C25 /* Color+Assets.swift */,
				C9DE3E40290735FA0047F502 /* Image+Assets.swift */,
				C94BF00429096EA3007E1C25 /* Task+Utils.swift */,
				C9C7602729819D32002E03D3 /* View+ErrorAlert.swift */,
			);
			path = Extensions;
			sourceTree = "<group>";
		};
		C9DE3E4229082EC70047F502 /* View Styles */ = {
			isa = PBXGroup;
			children = (
				C9DE3E4F29085BD80047F502 /* ChecklistToggleStyle.swift */,
				C9DE3E4329082EE90047F502 /* PrimaryButtonStyle.swift */,
				C9DE3E4529082EF50047F502 /* SecondaryButtonStyle.swift */,
			);
			path = "View Styles";
			sourceTree = "<group>";
		};
/* End PBXGroup section */

/* Begin PBXNativeTarget section */
		C94BDF3328E923A9008FB4DE /* SwiftUIDemo */ = {
			isa = PBXNativeTarget;
			buildConfigurationList = C94BDF5828E923AB008FB4DE /* Build configuration list for PBXNativeTarget "SwiftUIDemo" */;
			buildPhases = (
				C94BDF3028E923A9008FB4DE /* Sources */,
				C94BDF3128E923A9008FB4DE /* Frameworks */,
				C94BDF3228E923A9008FB4DE /* Resources */,
			);
			buildRules = (
			);
			dependencies = (
			);
			name = SwiftUIDemo;
			packageProductDependencies = (
				C917882F296E3F5F009C2711 /* Lytics */,
				C9178831296E3F5F009C2711 /* LyticsUI */,
			);
			productName = SwiftUIDemo;
			productReference = C94BDF3428E923A9008FB4DE /* Lytics SDK Showcase.app */;
			productType = "com.apple.product-type.application";
		};
		C94BDF4328E923AB008FB4DE /* SwiftUIDemoTests */ = {
			isa = PBXNativeTarget;
			buildConfigurationList = C94BDF5B28E923AB008FB4DE /* Build configuration list for PBXNativeTarget "SwiftUIDemoTests" */;
			buildPhases = (
				C94BDF4028E923AB008FB4DE /* Sources */,
				C94BDF4128E923AB008FB4DE /* Frameworks */,
				C94BDF4228E923AB008FB4DE /* Resources */,
			);
			buildRules = (
			);
			dependencies = (
				C94BDF4628E923AB008FB4DE /* PBXTargetDependency */,
			);
			name = SwiftUIDemoTests;
			productName = SwiftUIDemoTests;
			productReference = C94BDF4428E923AB008FB4DE /* SwiftUIDemoTests.xctest */;
			productType = "com.apple.product-type.bundle.unit-test";
		};
		C94BDF4D28E923AB008FB4DE /* SwiftUIDemoUITests */ = {
			isa = PBXNativeTarget;
			buildConfigurationList = C94BDF5E28E923AB008FB4DE /* Build configuration list for PBXNativeTarget "SwiftUIDemoUITests" */;
			buildPhases = (
				C94BDF4A28E923AB008FB4DE /* Sources */,
				C94BDF4B28E923AB008FB4DE /* Frameworks */,
				C94BDF4C28E923AB008FB4DE /* Resources */,
			);
			buildRules = (
			);
			dependencies = (
				C94BDF5028E923AB008FB4DE /* PBXTargetDependency */,
			);
			name = SwiftUIDemoUITests;
			productName = SwiftUIDemoUITests;
			productReference = C94BDF4E28E923AB008FB4DE /* SwiftUIDemoUITests.xctest */;
			productType = "com.apple.product-type.bundle.ui-testing";
		};
/* End PBXNativeTarget section */

/* Begin PBXProject section */
		C94BDF2C28E923A9008FB4DE /* Project object */ = {
			isa = PBXProject;
			attributes = {
				BuildIndependentTargetsInParallel = 1;
				LastSwiftUpdateCheck = 1400;
				LastUpgradeCheck = 1400;
				ORGANIZATIONNAME = Lytics;
				TargetAttributes = {
					C94BDF3328E923A9008FB4DE = {
						CreatedOnToolsVersion = 14.0;
					};
					C94BDF4328E923AB008FB4DE = {
						CreatedOnToolsVersion = 14.0;
						TestTargetID = C94BDF3328E923A9008FB4DE;
					};
					C94BDF4D28E923AB008FB4DE = {
						CreatedOnToolsVersion = 14.0;
						TestTargetID = C94BDF3328E923A9008FB4DE;
					};
				};
			};
			buildConfigurationList = C94BDF2F28E923A9008FB4DE /* Build configuration list for PBXProject "SwiftUIDemo" */;
			compatibilityVersion = "Xcode 14.0";
			developmentRegion = en;
			hasScannedForEncodings = 0;
			knownRegions = (
				en,
				Base,
			);
			mainGroup = C94BDF2B28E923A9008FB4DE;
			packageReferences = (
				C917882E296E3F5F009C2711 /* XCRemoteSwiftPackageReference "ios-sdk" */,
			);
			productRefGroup = C94BDF3528E923A9008FB4DE /* Products */;
			projectDirPath = "";
			projectRoot = "";
			targets = (
				C94BDF3328E923A9008FB4DE /* SwiftUIDemo */,
				C94BDF4328E923AB008FB4DE /* SwiftUIDemoTests */,
				C94BDF4D28E923AB008FB4DE /* SwiftUIDemoUITests */,
			);
		};
/* End PBXProject section */

/* Begin PBXResourcesBuildPhase section */
		C94BDF3228E923A9008FB4DE /* Resources */ = {
			isa = PBXResourcesBuildPhase;
			buildActionMask = 2147483647;
			files = (
				C94BDF3F28E923AB008FB4DE /* Preview Assets.xcassets in Resources */,
				C94BDF3C28E923AB008FB4DE /* Assets.xcassets in Resources */,
				C9DE3E48290844F70047F502 /* events.json in Resources */,
			);
			runOnlyForDeploymentPostprocessing = 0;
		};
		C94BDF4228E923AB008FB4DE /* Resources */ = {
			isa = PBXResourcesBuildPhase;
			buildActionMask = 2147483647;
			files = (
			);
			runOnlyForDeploymentPostprocessing = 0;
		};
		C94BDF4C28E923AB008FB4DE /* Resources */ = {
			isa = PBXResourcesBuildPhase;
			buildActionMask = 2147483647;
			files = (
			);
			runOnlyForDeploymentPostprocessing = 0;
		};
/* End PBXResourcesBuildPhase section */

/* Begin PBXSourcesBuildPhase section */
		C94BDF3028E923A9008FB4DE /* Sources */ = {
			isa = PBXSourcesBuildPhase;
			buildActionMask = 2147483647;
			files = (
				C9DE3E1D290717F30047F502 /* RegisterView.swift in Sources */,
				C9DE3E2829071D290047F502 /* EventsViewModel.swift in Sources */,
				C9DE3E1C290717F30047F502 /* ProfileView.swift in Sources */,
				C9DE3E2E29071E3E0047F502 /* RegisterViewModel.swift in Sources */,
				C9DE3E2A29071E2D0047F502 /* EventDetailViewModel.swift in Sources */,
				C9DE3E3E290734AB0047F502 /* EventService.swift in Sources */,
				C94BF00929097480007E1C25 /* Color+Assets.swift in Sources */,
				C9DE3E35290729150047F502 /* Event.swift in Sources */,
				C9DE3E3A29072B800047F502 /* EventRow.swift in Sources */,
				C9DE3E4629082EF50047F502 /* SecondaryButtonStyle.swift in Sources */,
				C9DE3E1B290717F30047F502 /* LoginView.swift in Sources */,
				C9DE3E4A290845AB0047F502 /* Bundle+Utils.swift in Sources */,
				C9DE3E41290735FA0047F502 /* Image+Assets.swift in Sources */,
				C9DE3E4E29085A330047F502 /* Collection+Utils.swift in Sources */,
				C94BDF3828E923A9008FB4DE /* SwiftUIDemoApp.swift in Sources */,
				C9DE3E4429082EE90047F502 /* PrimaryButtonStyle.swift in Sources */,
				C94BF00729096F00007E1C25 /* RemoteImage.swift in Sources */,
				C9DE3E3029071E4E0047F502 /* SettingsViewModel.swift in Sources */,
				C9DE3E1E290717F30047F502 /* SettingsView.swift in Sources */,
				C9F44BD32912B9E6006998BD /* DemoAttributes.swift in Sources */,
				C9DE3E2C29071E360047F502 /* LoginViewModel.swift in Sources */,
				C9DC54F228EDC4D800EAD25E /* DemoIdentity.swift in Sources */,
				C9C7602829819D32002E03D3 /* View+ErrorAlert.swift in Sources */,
				C9DE3E552908CBA10047F502 /* DemoTapEvent.swift in Sources */,
				C9DE3E32290722A30047F502 /* ProfileViewModel.swift in Sources */,
				C9739D81293FB3E800CFD435 /* DemoDetailScreenEvent.swift in Sources */,
				C9DE3E52290861680047F502 /* LocalEventsHeader.swift in Sources */,
				C9DE3E2529071C220047F502 /* EventDetailView.swift in Sources */,
				C9DC54F328EDC4D800EAD25E /* DemoConsent.swift in Sources */,
				C9DE3E1F290717F30047F502 /* TabContainerView.swift in Sources */,
				C9DE3E3C29072F410047F502 /* EventCard.swift in Sources */,
				C94BF00529096EA3007E1C25 /* Task+Utils.swift in Sources */,
				C9A4146F29255EDA001D2C46 /* Configuration.swift in Sources */,
				C9DE3E5029085BD80047F502 /* ChecklistToggleStyle.swift in Sources */,
				C94BF00329096E86007E1C25 /* ImageLoader.swift in Sources */,
				C9DC54F428EDC4D800EAD25E /* DemoCart.swift in Sources */,
				C9DE3E1A290717F30047F502 /* EventsView.swift in Sources */,
				C9DE3E4C2908463A0047F502 /* Constants.swift in Sources */,
			);
			runOnlyForDeploymentPostprocessing = 0;
		};
		C94BDF4028E923AB008FB4DE /* Sources */ = {
			isa = PBXSourcesBuildPhase;
			buildActionMask = 2147483647;
			files = (
				C94BDF4928E923AB008FB4DE /* SwiftUIDemoTests.swift in Sources */,
			);
			runOnlyForDeploymentPostprocessing = 0;
		};
		C94BDF4A28E923AB008FB4DE /* Sources */ = {
			isa = PBXSourcesBuildPhase;
			buildActionMask = 2147483647;
			files = (
				C94BDF5328E923AB008FB4DE /* SwiftUIDemoUITests.swift in Sources */,
				C94BDF5528E923AB008FB4DE /* SwiftUIDemoUITestsLaunchTests.swift in Sources */,
			);
			runOnlyForDeploymentPostprocessing = 0;
		};
/* End PBXSourcesBuildPhase section */

/* Begin PBXTargetDependency section */
		C94BDF4628E923AB008FB4DE /* PBXTargetDependency */ = {
			isa = PBXTargetDependency;
			target = C94BDF3328E923A9008FB4DE /* SwiftUIDemo */;
			targetProxy = C94BDF4528E923AB008FB4DE /* PBXContainerItemProxy */;
		};
		C94BDF5028E923AB008FB4DE /* PBXTargetDependency */ = {
			isa = PBXTargetDependency;
			target = C94BDF3328E923A9008FB4DE /* SwiftUIDemo */;
			targetProxy = C94BDF4F28E923AB008FB4DE /* PBXContainerItemProxy */;
		};
/* End PBXTargetDependency section */

/* Begin XCBuildConfiguration section */
		C94BDF5628E923AB008FB4DE /* Debug */ = {
			isa = XCBuildConfiguration;
			baseConfigurationReference = C9A4146D29255A94001D2C46 /* Config.xcconfig */;
			buildSettings = {
				ALWAYS_SEARCH_USER_PATHS = NO;
				CLANG_ANALYZER_NONNULL = YES;
				CLANG_ANALYZER_NUMBER_OBJECT_CONVERSION = YES_AGGRESSIVE;
				CLANG_CXX_LANGUAGE_STANDARD = "gnu++20";
				CLANG_ENABLE_MODULES = YES;
				CLANG_ENABLE_OBJC_ARC = YES;
				CLANG_ENABLE_OBJC_WEAK = YES;
				CLANG_WARN_BLOCK_CAPTURE_AUTORELEASING = YES;
				CLANG_WARN_BOOL_CONVERSION = YES;
				CLANG_WARN_COMMA = YES;
				CLANG_WARN_CONSTANT_CONVERSION = YES;
				CLANG_WARN_DEPRECATED_OBJC_IMPLEMENTATIONS = YES;
				CLANG_WARN_DIRECT_OBJC_ISA_USAGE = YES_ERROR;
				CLANG_WARN_DOCUMENTATION_COMMENTS = YES;
				CLANG_WARN_EMPTY_BODY = YES;
				CLANG_WARN_ENUM_CONVERSION = YES;
				CLANG_WARN_INFINITE_RECURSION = YES;
				CLANG_WARN_INT_CONVERSION = YES;
				CLANG_WARN_NON_LITERAL_NULL_CONVERSION = YES;
				CLANG_WARN_OBJC_IMPLICIT_RETAIN_SELF = YES;
				CLANG_WARN_OBJC_LITERAL_CONVERSION = YES;
				CLANG_WARN_OBJC_ROOT_CLASS = YES_ERROR;
				CLANG_WARN_QUOTED_INCLUDE_IN_FRAMEWORK_HEADER = YES;
				CLANG_WARN_RANGE_LOOP_ANALYSIS = YES;
				CLANG_WARN_STRICT_PROTOTYPES = YES;
				CLANG_WARN_SUSPICIOUS_MOVE = YES;
				CLANG_WARN_UNGUARDED_AVAILABILITY = YES_AGGRESSIVE;
				CLANG_WARN_UNREACHABLE_CODE = YES;
				CLANG_WARN__DUPLICATE_METHOD_MATCH = YES;
				COPY_PHASE_STRIP = NO;
				DEBUG_INFORMATION_FORMAT = dwarf;
				ENABLE_STRICT_OBJC_MSGSEND = YES;
				ENABLE_TESTABILITY = YES;
				GCC_C_LANGUAGE_STANDARD = gnu11;
				GCC_DYNAMIC_NO_PIC = NO;
				GCC_NO_COMMON_BLOCKS = YES;
				GCC_OPTIMIZATION_LEVEL = 0;
				GCC_PREPROCESSOR_DEFINITIONS = (
					"DEBUG=1",
					"$(inherited)",
				);
				GCC_WARN_64_TO_32_BIT_CONVERSION = YES;
				GCC_WARN_ABOUT_RETURN_TYPE = YES_ERROR;
				GCC_WARN_UNDECLARED_SELECTOR = YES;
				GCC_WARN_UNINITIALIZED_AUTOS = YES_AGGRESSIVE;
				GCC_WARN_UNUSED_FUNCTION = YES;
				GCC_WARN_UNUSED_VARIABLE = YES;
				IPHONEOS_DEPLOYMENT_TARGET = 16.0;
				MTL_ENABLE_DEBUG_INFO = INCLUDE_SOURCE;
				MTL_FAST_MATH = YES;
				ONLY_ACTIVE_ARCH = YES;
				SDKROOT = iphoneos;
				SWIFT_ACTIVE_COMPILATION_CONDITIONS = DEBUG;
				SWIFT_OPTIMIZATION_LEVEL = "-Onone";
			};
			name = Debug;
		};
		C94BDF5728E923AB008FB4DE /* Release */ = {
			isa = XCBuildConfiguration;
			baseConfigurationReference = C9A4146D29255A94001D2C46 /* Config.xcconfig */;
			buildSettings = {
				ALWAYS_SEARCH_USER_PATHS = NO;
				CLANG_ANALYZER_NONNULL = YES;
				CLANG_ANALYZER_NUMBER_OBJECT_CONVERSION = YES_AGGRESSIVE;
				CLANG_CXX_LANGUAGE_STANDARD = "gnu++20";
				CLANG_ENABLE_MODULES = YES;
				CLANG_ENABLE_OBJC_ARC = YES;
				CLANG_ENABLE_OBJC_WEAK = YES;
				CLANG_WARN_BLOCK_CAPTURE_AUTORELEASING = YES;
				CLANG_WARN_BOOL_CONVERSION = YES;
				CLANG_WARN_COMMA = YES;
				CLANG_WARN_CONSTANT_CONVERSION = YES;
				CLANG_WARN_DEPRECATED_OBJC_IMPLEMENTATIONS = YES;
				CLANG_WARN_DIRECT_OBJC_ISA_USAGE = YES_ERROR;
				CLANG_WARN_DOCUMENTATION_COMMENTS = YES;
				CLANG_WARN_EMPTY_BODY = YES;
				CLANG_WARN_ENUM_CONVERSION = YES;
				CLANG_WARN_INFINITE_RECURSION = YES;
				CLANG_WARN_INT_CONVERSION = YES;
				CLANG_WARN_NON_LITERAL_NULL_CONVERSION = YES;
				CLANG_WARN_OBJC_IMPLICIT_RETAIN_SELF = YES;
				CLANG_WARN_OBJC_LITERAL_CONVERSION = YES;
				CLANG_WARN_OBJC_ROOT_CLASS = YES_ERROR;
				CLANG_WARN_QUOTED_INCLUDE_IN_FRAMEWORK_HEADER = YES;
				CLANG_WARN_RANGE_LOOP_ANALYSIS = YES;
				CLANG_WARN_STRICT_PROTOTYPES = YES;
				CLANG_WARN_SUSPICIOUS_MOVE = YES;
				CLANG_WARN_UNGUARDED_AVAILABILITY = YES_AGGRESSIVE;
				CLANG_WARN_UNREACHABLE_CODE = YES;
				CLANG_WARN__DUPLICATE_METHOD_MATCH = YES;
				COPY_PHASE_STRIP = NO;
				DEBUG_INFORMATION_FORMAT = "dwarf-with-dsym";
				ENABLE_NS_ASSERTIONS = NO;
				ENABLE_STRICT_OBJC_MSGSEND = YES;
				GCC_C_LANGUAGE_STANDARD = gnu11;
				GCC_NO_COMMON_BLOCKS = YES;
				GCC_WARN_64_TO_32_BIT_CONVERSION = YES;
				GCC_WARN_ABOUT_RETURN_TYPE = YES_ERROR;
				GCC_WARN_UNDECLARED_SELECTOR = YES;
				GCC_WARN_UNINITIALIZED_AUTOS = YES_AGGRESSIVE;
				GCC_WARN_UNUSED_FUNCTION = YES;
				GCC_WARN_UNUSED_VARIABLE = YES;
				IPHONEOS_DEPLOYMENT_TARGET = 16.0;
				MTL_ENABLE_DEBUG_INFO = NO;
				MTL_FAST_MATH = YES;
				SDKROOT = iphoneos;
				SWIFT_COMPILATION_MODE = wholemodule;
				SWIFT_OPTIMIZATION_LEVEL = "-O";
				VALIDATE_PRODUCT = YES;
			};
			name = Release;
		};
		C94BDF5928E923AB008FB4DE /* Debug */ = {
			isa = XCBuildConfiguration;
			buildSettings = {
				ASSETCATALOG_COMPILER_APPICON_NAME = AppIcon;
				ASSETCATALOG_COMPILER_GLOBAL_ACCENT_COLOR_NAME = AccentColor;
				CODE_SIGN_STYLE = Automatic;
				CURRENT_PROJECT_VERSION = 1;
				DEVELOPMENT_ASSET_PATHS = "\"SwiftUIDemo/Preview Content\"";
				DEVELOPMENT_TEAM = "$(DEVELOPMENT_TEAM)";
				ENABLE_PREVIEWS = YES;
				GENERATE_INFOPLIST_FILE = YES;
				INFOPLIST_FILE = SwiftUIDemo/Info.plist;
				INFOPLIST_KEY_CFBundleDisplayName = "Lytics SDK Showcase";
				INFOPLIST_KEY_NSUserTrackingUsageDescription = "Your data will be used to deliver personalized ads to you.";
				INFOPLIST_KEY_UIApplicationSceneManifest_Generation = YES;
				INFOPLIST_KEY_UIApplicationSupportsIndirectInputEvents = YES;
				INFOPLIST_KEY_UILaunchScreen_Generation = YES;
				INFOPLIST_KEY_UISupportedInterfaceOrientations_iPad = "UIInterfaceOrientationPortrait UIInterfaceOrientationPortraitUpsideDown UIInterfaceOrientationLandscapeLeft UIInterfaceOrientationLandscapeRight";
				INFOPLIST_KEY_UISupportedInterfaceOrientations_iPhone = "UIInterfaceOrientationPortrait UIInterfaceOrientationLandscapeLeft UIInterfaceOrientationLandscapeRight";
				LD_RUNPATH_SEARCH_PATHS = (
					"$(inherited)",
					"@executable_path/Frameworks",
				);
				MARKETING_VERSION = 1.0;
				PRODUCT_NAME = "Lytics SDK Showcase";
				SWIFT_EMIT_LOC_STRINGS = YES;
				SWIFT_VERSION = 5.0;
				TARGETED_DEVICE_FAMILY = "1,2";
			};
			name = Debug;
		};
		C94BDF5A28E923AB008FB4DE /* Release */ = {
			isa = XCBuildConfiguration;
			buildSettings = {
				ASSETCATALOG_COMPILER_APPICON_NAME = AppIcon;
				ASSETCATALOG_COMPILER_GLOBAL_ACCENT_COLOR_NAME = AccentColor;
				CODE_SIGN_STYLE = Automatic;
				CURRENT_PROJECT_VERSION = 1;
				DEVELOPMENT_ASSET_PATHS = "\"SwiftUIDemo/Preview Content\"";
				DEVELOPMENT_TEAM = "$(DEVELOPMENT_TEAM)";
				ENABLE_PREVIEWS = YES;
				GENERATE_INFOPLIST_FILE = YES;
				INFOPLIST_FILE = SwiftUIDemo/Info.plist;
				INFOPLIST_KEY_CFBundleDisplayName = "Lytics SDK Showcase";
				INFOPLIST_KEY_NSUserTrackingUsageDescription = "Your data will be used to deliver personalized ads to you.";
				INFOPLIST_KEY_UIApplicationSceneManifest_Generation = YES;
				INFOPLIST_KEY_UIApplicationSupportsIndirectInputEvents = YES;
				INFOPLIST_KEY_UILaunchScreen_Generation = YES;
				INFOPLIST_KEY_UISupportedInterfaceOrientations_iPad = "UIInterfaceOrientationPortrait UIInterfaceOrientationPortraitUpsideDown UIInterfaceOrientationLandscapeLeft UIInterfaceOrientationLandscapeRight";
				INFOPLIST_KEY_UISupportedInterfaceOrientations_iPhone = "UIInterfaceOrientationPortrait UIInterfaceOrientationLandscapeLeft UIInterfaceOrientationLandscapeRight";
				LD_RUNPATH_SEARCH_PATHS = (
					"$(inherited)",
					"@executable_path/Frameworks",
				);
				MARKETING_VERSION = 1.0;
				PRODUCT_NAME = "Lytics SDK Showcase";
				SWIFT_EMIT_LOC_STRINGS = YES;
				SWIFT_VERSION = 5.0;
				TARGETED_DEVICE_FAMILY = "1,2";
			};
			name = Release;
		};
		C94BDF5C28E923AB008FB4DE /* Debug */ = {
			isa = XCBuildConfiguration;
			buildSettings = {
				ALWAYS_EMBED_SWIFT_STANDARD_LIBRARIES = YES;
				BUNDLE_LOADER = "$(TEST_HOST)";
				CODE_SIGN_STYLE = Automatic;
				CURRENT_PROJECT_VERSION = 1;
				DEVELOPMENT_TEAM = "$(DEVELOPMENT_TEAM)";
				GENERATE_INFOPLIST_FILE = YES;
				IPHONEOS_DEPLOYMENT_TARGET = 16.0;
				MARKETING_VERSION = 1.0;
				PRODUCT_BUNDLE_IDENTIFIER = com.lytics.SwiftUIDemoTests;
				PRODUCT_NAME = "$(TARGET_NAME)";
				SWIFT_EMIT_LOC_STRINGS = NO;
				SWIFT_VERSION = 5.0;
				TARGETED_DEVICE_FAMILY = "1,2";
				TEST_HOST = "$(BUILT_PRODUCTS_DIR)/SwiftUIDemo.app/$(BUNDLE_EXECUTABLE_FOLDER_PATH)/SwiftUIDemo";
			};
			name = Debug;
		};
		C94BDF5D28E923AB008FB4DE /* Release */ = {
			isa = XCBuildConfiguration;
			buildSettings = {
				ALWAYS_EMBED_SWIFT_STANDARD_LIBRARIES = YES;
				BUNDLE_LOADER = "$(TEST_HOST)";
				CODE_SIGN_STYLE = Automatic;
				CURRENT_PROJECT_VERSION = 1;
				DEVELOPMENT_TEAM = "$(DEVELOPMENT_TEAM)";
				GENERATE_INFOPLIST_FILE = YES;
				IPHONEOS_DEPLOYMENT_TARGET = 16.0;
				MARKETING_VERSION = 1.0;
				PRODUCT_BUNDLE_IDENTIFIER = com.lytics.SwiftUIDemoTests;
				PRODUCT_NAME = "$(TARGET_NAME)";
				SWIFT_EMIT_LOC_STRINGS = NO;
				SWIFT_VERSION = 5.0;
				TARGETED_DEVICE_FAMILY = "1,2";
				TEST_HOST = "$(BUILT_PRODUCTS_DIR)/SwiftUIDemo.app/$(BUNDLE_EXECUTABLE_FOLDER_PATH)/SwiftUIDemo";
			};
			name = Release;
		};
		C94BDF5F28E923AB008FB4DE /* Debug */ = {
			isa = XCBuildConfiguration;
			buildSettings = {
				ALWAYS_EMBED_SWIFT_STANDARD_LIBRARIES = YES;
				CODE_SIGN_STYLE = Automatic;
				CURRENT_PROJECT_VERSION = 1;
				DEVELOPMENT_TEAM = "$(DEVELOPMENT_TEAM)";
				GENERATE_INFOPLIST_FILE = YES;
				MARKETING_VERSION = 1.0;
				PRODUCT_BUNDLE_IDENTIFIER = com.lytics.SwiftUIDemoUITests;
				PRODUCT_NAME = "$(TARGET_NAME)";
				SWIFT_EMIT_LOC_STRINGS = NO;
				SWIFT_VERSION = 5.0;
				TARGETED_DEVICE_FAMILY = "1,2";
				TEST_TARGET_NAME = SwiftUIDemo;
			};
			name = Debug;
		};
		C94BDF6028E923AB008FB4DE /* Release */ = {
			isa = XCBuildConfiguration;
			buildSettings = {
				ALWAYS_EMBED_SWIFT_STANDARD_LIBRARIES = YES;
				CODE_SIGN_STYLE = Automatic;
				CURRENT_PROJECT_VERSION = 1;
				DEVELOPMENT_TEAM = "$(DEVELOPMENT_TEAM)";
				GENERATE_INFOPLIST_FILE = YES;
				MARKETING_VERSION = 1.0;
				PRODUCT_BUNDLE_IDENTIFIER = com.lytics.SwiftUIDemoUITests;
				PRODUCT_NAME = "$(TARGET_NAME)";
				SWIFT_EMIT_LOC_STRINGS = NO;
				SWIFT_VERSION = 5.0;
				TARGETED_DEVICE_FAMILY = "1,2";
				TEST_TARGET_NAME = SwiftUIDemo;
			};
			name = Release;
		};
/* End XCBuildConfiguration section */

/* Begin XCConfigurationList section */
		C94BDF2F28E923A9008FB4DE /* Build configuration list for PBXProject "SwiftUIDemo" */ = {
			isa = XCConfigurationList;
			buildConfigurations = (
				C94BDF5628E923AB008FB4DE /* Debug */,
				C94BDF5728E923AB008FB4DE /* Release */,
			);
			defaultConfigurationIsVisible = 0;
			defaultConfigurationName = Release;
		};
		C94BDF5828E923AB008FB4DE /* Build configuration list for PBXNativeTarget "SwiftUIDemo" */ = {
			isa = XCConfigurationList;
			buildConfigurations = (
				C94BDF5928E923AB008FB4DE /* Debug */,
				C94BDF5A28E923AB008FB4DE /* Release */,
			);
			defaultConfigurationIsVisible = 0;
			defaultConfigurationName = Release;
		};
		C94BDF5B28E923AB008FB4DE /* Build configuration list for PBXNativeTarget "SwiftUIDemoTests" */ = {
			isa = XCConfigurationList;
			buildConfigurations = (
				C94BDF5C28E923AB008FB4DE /* Debug */,
				C94BDF5D28E923AB008FB4DE /* Release */,
			);
			defaultConfigurationIsVisible = 0;
			defaultConfigurationName = Release;
		};
		C94BDF5E28E923AB008FB4DE /* Build configuration list for PBXNativeTarget "SwiftUIDemoUITests" */ = {
			isa = XCConfigurationList;
			buildConfigurations = (
				C94BDF5F28E923AB008FB4DE /* Debug */,
				C94BDF6028E923AB008FB4DE /* Release */,
			);
			defaultConfigurationIsVisible = 0;
			defaultConfigurationName = Release;
		};
/* End XCConfigurationList section */

/* Begin XCRemoteSwiftPackageReference section */
		C917882E296E3F5F009C2711 /* XCRemoteSwiftPackageReference "ios-sdk" */ = {
			isa = XCRemoteSwiftPackageReference;
			repositoryURL = "https://github.com/lytics/ios-sdk";
			requirement = {
				branch = main;
				kind = branch;
			};
		};
/* End XCRemoteSwiftPackageReference section */

/* Begin XCSwiftPackageProductDependency section */
		C917882F296E3F5F009C2711 /* Lytics */ = {
			isa = XCSwiftPackageProductDependency;
			package = C917882E296E3F5F009C2711 /* XCRemoteSwiftPackageReference "ios-sdk" */;
			productName = Lytics;
		};
		C9178831296E3F5F009C2711 /* LyticsUI */ = {
			isa = XCSwiftPackageProductDependency;
			package = C917882E296E3F5F009C2711 /* XCRemoteSwiftPackageReference "ios-sdk" */;
			productName = LyticsUI;
		};
/* End XCSwiftPackageProductDependency section */
	};
	rootObject = C94BDF2C28E923A9008FB4DE /* Project object */;
}
